
Microsoft Visual Studio Solution File, Format Version 12.00
# Visual Studio 15
VisualStudioVersion = 15.0.28307.421
MinimumVisualStudioVersion = 10.0.40219.1
Project("{FAE04EC0-301F-11D3-BF4B-00C04F79EFBC}") = "Restaurant", "Restaurant\Restaurant.csproj", "{26E51093-3781-4B32-AA90-15216C3A44D0}"
EndProject
Global
	GlobalSection(SolutionConfigurationPlatforms) = preSolution
		Debug|Any CPU = Debug|Any CPU
		Release|Any CPU = Release|Any CPU
	EndGlobalSection
	GlobalSection(ProjectConfigurationPlatforms) = postSolution
		{26E51093-3781-4B32-AA90-15216C3A44D0}.Debug|Any CPU.ActiveCfg = Debug|Any CPU
		{26E51093-3781-4B32-AA90-15216C3A44D0}.Debug|Any CPU.Build.0 = Debug|Any CPU
		{26E51093-3781-4B32-AA90-15216C3A44D0}.Release|Any CPU.ActiveCfg = Release|Any CPU
		{26E51093-3781-4B32-AA90-15216C3A44D0}.Release|Any CPU.Build.0 = Release|Any CPU
	EndGlobalSection
	GlobalSection(SolutionProperties) = preSolution
		HideSolutionNode = FALSE
	EndGlobalSection
	GlobalSection(ExtensibilityGlobals) = postSolution
		SolutionGuid = {F2441ED4-1269-4F23-A181-7B69CDA59844}
	EndGlobalSection
EndGlobal
